
Microsoft Visual Studio Solution File, Format Version 12.00
# Visual Studio Version 17
VisualStudioVersion = 17.2.32630.192
MinimumVisualStudioVersion = 10.0.40219.1
Project("{FAE04EC0-301F-11D3-BF4B-00C04F79EFBC}") = "Module2_HW3_30052023", "Module2_HW3_30052023.csproj", "{56B7EA2F-BF5E-4842-A60B-DB3A2FAD746B}"
EndProject
Global
	GlobalSection(SolutionConfigurationPlatforms) = preSolution
		Debug|Any CPU = Debug|Any CPU
		Release|Any CPU = Release|Any CPU
	EndGlobalSection
	GlobalSection(ProjectConfigurationPlatforms) = postSolution
		{56B7EA2F-BF5E-4842-A60B-DB3A2FAD746B}.Debug|Any CPU.ActiveCfg = Debug|Any CPU
		{56B7EA2F-BF5E-4842-A60B-DB3A2FAD746B}.Debug|Any CPU.Build.0 = Debug|Any CPU
		{56B7EA2F-BF5E-4842-A60B-DB3A2FAD746B}.Release|Any CPU.ActiveCfg = Release|Any CPU
		{56B7EA2F-BF5E-4842-A60B-DB3A2FAD746B}.Release|Any CPU.Build.0 = Release|Any CPU
	EndGlobalSection
	GlobalSection(SolutionProperties) = preSolution
		HideSolutionNode = FALSE
	EndGlobalSection
	GlobalSection(ExtensibilityGlobals) = postSolution
		SolutionGuid = {DD2F40F3-30FF-4D60-890F-F92B73C68F9A}
	EndGlobalSection
EndGlobal
